
Microsoft Visual Studio Solution File, Format Version 12.00
# Visual Studio Version 17
VisualStudioVersion = 17.2.32210.308
MinimumVisualStudioVersion = 10.0.40219.1
Project("{2150E333-8FDC-42A3-9474-1A3956D46DE8}") = "Services", "Services", "{7E0FB988-CB8E-4780-89C3-BD2F29F4220F}"
EndProject
Project("{2150E333-8FDC-42A3-9474-1A3956D46DE8}") = "Catalog", "Catalog", "{0630D062-ECC1-4BFF-BCE3-AF92A694AD16}"
EndProject
Project("{9A19103F-16F7-4668-BE54-9A1E7A4F7556}") = "Catalog.API", "Services\Catalog\Catalog.API\Catalog.API.csproj", "{36AF9E31-6ACB-4FEA-A6A7-BA4E7E8A814C}"
EndProject
Project("{2150E333-8FDC-42A3-9474-1A3956D46DE8}") = "Basket", "Basket", "{581CE4E5-35E0-4C93-8BD6-C33D1D42FA3E}"
EndProject
Project("{2150E333-8FDC-42A3-9474-1A3956D46DE8}") = "Solution Items", "Solution Items", "{1C3E7BA6-E673-4E66-B7A4-6B6C31B486F6}"
	ProjectSection(SolutionItems) = preProject
		.editorconfig = .editorconfig
	EndProjectSection
EndProject
Project("{2150E333-8FDC-42A3-9474-1A3956D46DE8}") = "Discount", "Discount", "{45B51FBC-DABA-4D12-807A-D1DA771CC2C8}"
EndProject
Project("{9A19103F-16F7-4668-BE54-9A1E7A4F7556}") = "Discount.Grpc", "Services\Discount\Discount.Grpc\Discount.Grpc.csproj", "{860A3CC3-100A-4301-B8B4-338413559ACB}"
EndProject
Project("{9A19103F-16F7-4668-BE54-9A1E7A4F7556}") = "Discount.Shared", "Services\Discount\Discount.Shared\Discount.Shared.csproj", "{C8FE123A-0453-4D43-9957-DF611C73E10A}"
EndProject
Project("{9A19103F-16F7-4668-BE54-9A1E7A4F7556}") = "Basket.API", "Services\Basket\Basket.API\Basket.API.csproj", "{5D220386-E211-48C5-9B5D-BE6D1CC57410}"
EndProject
Project("{2150E333-8FDC-42A3-9474-1A3956D46DE8}") = "Ordering", "Ordering", "{B5ACD9E2-6CF9-4AD1-BEE7-5DCA926F820B}"
EndProject
Project("{9A19103F-16F7-4668-BE54-9A1E7A4F7556}") = "Ordering.API", "Services\Ordering\Ordering.API\Ordering.API.csproj", "{34C2D1C2-3E26-4DF3-AAE0-22BEC17DC078}"
EndProject
Project("{9A19103F-16F7-4668-BE54-9A1E7A4F7556}") = "Ordering.Domain", "Services\Ordering\Ordering.Domain\Ordering.Domain.csproj", "{351CB4B7-BDB4-46C6-AC8A-F748B14AFF77}"
EndProject
Project("{9A19103F-16F7-4668-BE54-9A1E7A4F7556}") = "Ordering.Application", "Services\Ordering\Ordering.Application\Ordering.Application.csproj", "{E7F47785-64F8-4807-83E7-4E14660B2FE6}"
EndProject
Project("{9A19103F-16F7-4668-BE54-9A1E7A4F7556}") = "Ordering.Infrastructure", "Services\Ordering\Ordering.Infrastructure\Ordering.Infrastructure.csproj", "{841DBE75-BAE3-4D49-997D-660AA926E7A6}"
EndProject
Project("{2150E333-8FDC-42A3-9474-1A3956D46DE8}") = "Core", "Core", "{AE7E6F45-AC8A-4310-ACFC-D00AD70D115C}"
EndProject
Project("{9A19103F-16F7-4668-BE54-9A1E7A4F7556}") = "EventBus.Messages", "Core\EventBus.Messages\EventBus.Messages.csproj", "{6E895631-1817-4370-8925-E0E9A148A709}"
EndProject
Project("{9A19103F-16F7-4668-BE54-9A1E7A4F7556}") = "Core.Logging", "Core\Core.Logging\Core.Logging.csproj", "{7B30396C-3758-45D5-8061-5E4F030B1B6D}"
EndProject
Project("{E53339B2-1760-4266-BCC7-CA923CBCF16C}") = "docker-compose", "docker-compose.dcproj", "{2FD94EC3-7EBA-48C5-872A-49D179923765}"
EndProject
Project("{9A19103F-16F7-4668-BE54-9A1E7A4F7556}") = "Discount.API", "Services\Discount\Discount.API\Discount.API.csproj", "{2A208DC2-C9EF-4D8A-8CB0-ADBA95984B02}"
EndProject
Project("{2150E333-8FDC-42A3-9474-1A3956D46DE8}") = "ApiGateways", "ApiGateways", "{793C0DF9-3086-424F-8635-F444295BDB59}"
EndProject
Project("{9A19103F-16F7-4668-BE54-9A1E7A4F7556}") = "OcelotApiGateway", "ApiGateways\OcelotApiGateway\OcelotApiGateway.csproj", "{0C92D5C3-D222-47AB-8FF3-01D81DA0896B}"
EndProject
Project("{9A19103F-16F7-4668-BE54-9A1E7A4F7556}") = "Core.Crosscutting", "Core\Core.Crosscutting\Core.Crosscutting.csproj", "{8831542D-E4B3-4DCF-95D6-6AAFB8A8749C}"
EndProject
Project("{2150E333-8FDC-42A3-9474-1A3956D46DE8}") = "IDP", "IDP", "{9B8D3ECC-7C44-41DD-A186-787443CEE29C}"
EndProject
Project("{2150E333-8FDC-42A3-9474-1A3956D46DE8}") = "Clients", "Clients", "{F246AFB7-4FD9-47D7-B63B-CE7EB7B687E7}"
EndProject
Project("{9A19103F-16F7-4668-BE54-9A1E7A4F7556}") = "Client.Web", "Clients\Client.Web\Client.Web.csproj", "{71FB797C-36A0-434B-8F3B-571A920AB6EB}"
EndProject
Project("{9A19103F-16F7-4668-BE54-9A1E7A4F7556}") = "Client.MVC", "Clients\Client.MVC\Client.MVC.csproj", "{C1A9B620-BA10-4670-84E1-142C204F1B21}"
EndProject
Project("{9A19103F-16F7-4668-BE54-9A1E7A4F7556}") = "Client.Wasm", "Clients\Client.Wasm\Client.Wasm.csproj", "{5036DFB7-2EDE-4E22-88D8-50D32B1BD32E}"
EndProject
Project("{FAE04EC0-301F-11D3-BF4B-00C04F79EFBC}") = "IdentityServer", "IDP\IdentityServer\IdentityServer.csproj", "{6B6FD29C-4F91-414C-81F6-ED76AC7B240A}"
EndProject
Global
	GlobalSection(SolutionConfigurationPlatforms) = preSolution
		Debug|Any CPU = Debug|Any CPU
		Release|Any CPU = Release|Any CPU
	EndGlobalSection
	GlobalSection(ProjectConfigurationPlatforms) = postSolution
		{36AF9E31-6ACB-4FEA-A6A7-BA4E7E8A814C}.Debug|Any CPU.ActiveCfg = Debug|Any CPU
		{36AF9E31-6ACB-4FEA-A6A7-BA4E7E8A814C}.Debug|Any CPU.Build.0 = Debug|Any CPU
		{36AF9E31-6ACB-4FEA-A6A7-BA4E7E8A814C}.Release|Any CPU.ActiveCfg = Release|Any CPU
		{36AF9E31-6ACB-4FEA-A6A7-BA4E7E8A814C}.Release|Any CPU.Build.0 = Release|Any CPU
		{860A3CC3-100A-4301-B8B4-338413559ACB}.Debug|Any CPU.ActiveCfg = Debug|Any CPU
		{860A3CC3-100A-4301-B8B4-338413559ACB}.Debug|Any CPU.Build.0 = Debug|Any CPU
		{860A3CC3-100A-4301-B8B4-338413559ACB}.Release|Any CPU.ActiveCfg = Release|Any CPU
		{860A3CC3-100A-4301-B8B4-338413559ACB}.Release|Any CPU.Build.0 = Release|Any CPU
		{C8FE123A-0453-4D43-9957-DF611C73E10A}.Debug|Any CPU.ActiveCfg = Debug|Any CPU
		{C8FE123A-0453-4D43-9957-DF611C73E10A}.Debug|Any CPU.Build.0 = Debug|Any CPU
		{C8FE123A-0453-4D43-9957-DF611C73E10A}.Release|Any CPU.ActiveCfg = Release|Any CPU
		{C8FE123A-0453-4D43-9957-DF611C73E10A}.Release|Any CPU.Build.0 = Release|Any CPU
		{5D220386-E211-48C5-9B5D-BE6D1CC57410}.Debug|Any CPU.ActiveCfg = Debug|Any CPU
		{5D220386-E211-48C5-9B5D-BE6D1CC57410}.Debug|Any CPU.Build.0 = Debug|Any CPU
		{5D220386-E211-48C5-9B5D-BE6D1CC57410}.Release|Any CPU.ActiveCfg = Release|Any CPU
		{5D220386-E211-48C5-9B5D-BE6D1CC57410}.Release|Any CPU.Build.0 = Release|Any CPU
		{34C2D1C2-3E26-4DF3-AAE0-22BEC17DC078}.Debug|Any CPU.ActiveCfg = Debug|Any CPU
		{34C2D1C2-3E26-4DF3-AAE0-22BEC17DC078}.Debug|Any CPU.Build.0 = Debug|Any CPU
		{34C2D1C2-3E26-4DF3-AAE0-22BEC17DC078}.Release|Any CPU.ActiveCfg = Release|Any CPU
		{34C2D1C2-3E26-4DF3-AAE0-22BEC17DC078}.Release|Any CPU.Build.0 = Release|Any CPU
		{351CB4B7-BDB4-46C6-AC8A-F748B14AFF77}.Debug|Any CPU.ActiveCfg = Debug|Any CPU
		{351CB4B7-BDB4-46C6-AC8A-F748B14AFF77}.Debug|Any CPU.Build.0 = Debug|Any CPU
		{351CB4B7-BDB4-46C6-AC8A-F748B14AFF77}.Release|Any CPU.ActiveCfg = Release|Any CPU
		{351CB4B7-BDB4-46C6-AC8A-F748B14AFF77}.Release|Any CPU.Build.0 = Release|Any CPU
		{E7F47785-64F8-4807-83E7-4E14660B2FE6}.Debug|Any CPU.ActiveCfg = Debug|Any CPU
		{E7F47785-64F8-4807-83E7-4E14660B2FE6}.Debug|Any CPU.Build.0 = Debug|Any CPU
		{E7F47785-64F8-4807-83E7-4E14660B2FE6}.Release|Any CPU.ActiveCfg = Release|Any CPU
		{E7F47785-64F8-4807-83E7-4E14660B2FE6}.Release|Any CPU.Build.0 = Release|Any CPU
		{841DBE75-BAE3-4D49-997D-660AA926E7A6}.Debug|Any CPU.ActiveCfg = Debug|Any CPU
		{841DBE75-BAE3-4D49-997D-660AA926E7A6}.Debug|Any CPU.Build.0 = Debug|Any CPU
		{841DBE75-BAE3-4D49-997D-660AA926E7A6}.Release|Any CPU.ActiveCfg = Release|Any CPU
		{841DBE75-BAE3-4D49-997D-660AA926E7A6}.Release|Any CPU.Build.0 = Release|Any CPU
		{6E895631-1817-4370-8925-E0E9A148A709}.Debug|Any CPU.ActiveCfg = Debug|Any CPU
		{6E895631-1817-4370-8925-E0E9A148A709}.Debug|Any CPU.Build.0 = Debug|Any CPU
		{6E895631-1817-4370-8925-E0E9A148A709}.Release|Any CPU.ActiveCfg = Release|Any CPU
		{6E895631-1817-4370-8925-E0E9A148A709}.Release|Any CPU.Build.0 = Release|Any CPU
		{7B30396C-3758-45D5-8061-5E4F030B1B6D}.Debug|Any CPU.ActiveCfg = Debug|Any CPU
		{7B30396C-3758-45D5-8061-5E4F030B1B6D}.Debug|Any CPU.Build.0 = Debug|Any CPU
		{7B30396C-3758-45D5-8061-5E4F030B1B6D}.Release|Any CPU.ActiveCfg = Release|Any CPU
		{7B30396C-3758-45D5-8061-5E4F030B1B6D}.Release|Any CPU.Build.0 = Release|Any CPU
		{2FD94EC3-7EBA-48C5-872A-49D179923765}.Debug|Any CPU.ActiveCfg = Debug|Any CPU
		{2FD94EC3-7EBA-48C5-872A-49D179923765}.Debug|Any CPU.Build.0 = Debug|Any CPU
		{2FD94EC3-7EBA-48C5-872A-49D179923765}.Release|Any CPU.ActiveCfg = Release|Any CPU
		{2FD94EC3-7EBA-48C5-872A-49D179923765}.Release|Any CPU.Build.0 = Release|Any CPU
		{2A208DC2-C9EF-4D8A-8CB0-ADBA95984B02}.Debug|Any CPU.ActiveCfg = Debug|Any CPU
		{2A208DC2-C9EF-4D8A-8CB0-ADBA95984B02}.Debug|Any CPU.Build.0 = Debug|Any CPU
		{2A208DC2-C9EF-4D8A-8CB0-ADBA95984B02}.Release|Any CPU.ActiveCfg = Release|Any CPU
		{2A208DC2-C9EF-4D8A-8CB0-ADBA95984B02}.Release|Any CPU.Build.0 = Release|Any CPU
		{0C92D5C3-D222-47AB-8FF3-01D81DA0896B}.Debug|Any CPU.ActiveCfg = Debug|Any CPU
		{0C92D5C3-D222-47AB-8FF3-01D81DA0896B}.Debug|Any CPU.Build.0 = Debug|Any CPU
		{0C92D5C3-D222-47AB-8FF3-01D81DA0896B}.Release|Any CPU.ActiveCfg = Release|Any CPU
		{0C92D5C3-D222-47AB-8FF3-01D81DA0896B}.Release|Any CPU.Build.0 = Release|Any CPU
		{8831542D-E4B3-4DCF-95D6-6AAFB8A8749C}.Debug|Any CPU.ActiveCfg = Debug|Any CPU
		{8831542D-E4B3-4DCF-95D6-6AAFB8A8749C}.Debug|Any CPU.Build.0 = Debug|Any CPU
		{8831542D-E4B3-4DCF-95D6-6AAFB8A8749C}.Release|Any CPU.ActiveCfg = Release|Any CPU
		{8831542D-E4B3-4DCF-95D6-6AAFB8A8749C}.Release|Any CPU.Build.0 = Release|Any CPU
		{71FB797C-36A0-434B-8F3B-571A920AB6EB}.Debug|Any CPU.ActiveCfg = Debug|Any CPU
		{71FB797C-36A0-434B-8F3B-571A920AB6EB}.Debug|Any CPU.Build.0 = Debug|Any CPU
		{71FB797C-36A0-434B-8F3B-571A920AB6EB}.Release|Any CPU.ActiveCfg = Release|Any CPU
		{71FB797C-36A0-434B-8F3B-571A920AB6EB}.Release|Any CPU.Build.0 = Release|Any CPU
		{C1A9B620-BA10-4670-84E1-142C204F1B21}.Debug|Any CPU.ActiveCfg = Debug|Any CPU
		{C1A9B620-BA10-4670-84E1-142C204F1B21}.Debug|Any CPU.Build.0 = Debug|Any CPU
		{C1A9B620-BA10-4670-84E1-142C204F1B21}.Release|Any CPU.ActiveCfg = Release|Any CPU
		{C1A9B620-BA10-4670-84E1-142C204F1B21}.Release|Any CPU.Build.0 = Release|Any CPU
		{5036DFB7-2EDE-4E22-88D8-50D32B1BD32E}.Debug|Any CPU.ActiveCfg = Debug|Any CPU
		{5036DFB7-2EDE-4E22-88D8-50D32B1BD32E}.Debug|Any CPU.Build.0 = Debug|Any CPU
		{5036DFB7-2EDE-4E22-88D8-50D32B1BD32E}.Release|Any CPU.ActiveCfg = Release|Any CPU
		{5036DFB7-2EDE-4E22-88D8-50D32B1BD32E}.Release|Any CPU.Build.0 = Release|Any CPU
		{6B6FD29C-4F91-414C-81F6-ED76AC7B240A}.Debug|Any CPU.ActiveCfg = Debug|Any CPU
		{6B6FD29C-4F91-414C-81F6-ED76AC7B240A}.Debug|Any CPU.Build.0 = Debug|Any CPU
		{6B6FD29C-4F91-414C-81F6-ED76AC7B240A}.Release|Any CPU.ActiveCfg = Release|Any CPU
		{6B6FD29C-4F91-414C-81F6-ED76AC7B240A}.Release|Any CPU.Build.0 = Release|Any CPU
	EndGlobalSection
	GlobalSection(SolutionProperties) = preSolution
		HideSolutionNode = FALSE
	EndGlobalSection
	GlobalSection(NestedProjects) = preSolution
		{0630D062-ECC1-4BFF-BCE3-AF92A694AD16} = {7E0FB988-CB8E-4780-89C3-BD2F29F4220F}
		{36AF9E31-6ACB-4FEA-A6A7-BA4E7E8A814C} = {0630D062-ECC1-4BFF-BCE3-AF92A694AD16}
		{581CE4E5-35E0-4C93-8BD6-C33D1D42FA3E} = {7E0FB988-CB8E-4780-89C3-BD2F29F4220F}
		{45B51FBC-DABA-4D12-807A-D1DA771CC2C8} = {7E0FB988-CB8E-4780-89C3-BD2F29F4220F}
		{860A3CC3-100A-4301-B8B4-338413559ACB} = {45B51FBC-DABA-4D12-807A-D1DA771CC2C8}
		{C8FE123A-0453-4D43-9957-DF611C73E10A} = {45B51FBC-DABA-4D12-807A-D1DA771CC2C8}
		{5D220386-E211-48C5-9B5D-BE6D1CC57410} = {581CE4E5-35E0-4C93-8BD6-C33D1D42FA3E}
		{B5ACD9E2-6CF9-4AD1-BEE7-5DCA926F820B} = {7E0FB988-CB8E-4780-89C3-BD2F29F4220F}
		{34C2D1C2-3E26-4DF3-AAE0-22BEC17DC078} = {B5ACD9E2-6CF9-4AD1-BEE7-5DCA926F820B}
		{351CB4B7-BDB4-46C6-AC8A-F748B14AFF77} = {B5ACD9E2-6CF9-4AD1-BEE7-5DCA926F820B}
		{E7F47785-64F8-4807-83E7-4E14660B2FE6} = {B5ACD9E2-6CF9-4AD1-BEE7-5DCA926F820B}
		{841DBE75-BAE3-4D49-997D-660AA926E7A6} = {B5ACD9E2-6CF9-4AD1-BEE7-5DCA926F820B}
		{6E895631-1817-4370-8925-E0E9A148A709} = {AE7E6F45-AC8A-4310-ACFC-D00AD70D115C}
		{7B30396C-3758-45D5-8061-5E4F030B1B6D} = {AE7E6F45-AC8A-4310-ACFC-D00AD70D115C}
		{2A208DC2-C9EF-4D8A-8CB0-ADBA95984B02} = {45B51FBC-DABA-4D12-807A-D1DA771CC2C8}
		{0C92D5C3-D222-47AB-8FF3-01D81DA0896B} = {793C0DF9-3086-424F-8635-F444295BDB59}
		{8831542D-E4B3-4DCF-95D6-6AAFB8A8749C} = {AE7E6F45-AC8A-4310-ACFC-D00AD70D115C}
		{71FB797C-36A0-434B-8F3B-571A920AB6EB} = {F246AFB7-4FD9-47D7-B63B-CE7EB7B687E7}
		{C1A9B620-BA10-4670-84E1-142C204F1B21} = {F246AFB7-4FD9-47D7-B63B-CE7EB7B687E7}
		{5036DFB7-2EDE-4E22-88D8-50D32B1BD32E} = {F246AFB7-4FD9-47D7-B63B-CE7EB7B687E7}
		{6B6FD29C-4F91-414C-81F6-ED76AC7B240A} = {9B8D3ECC-7C44-41DD-A186-787443CEE29C}
	EndGlobalSection
	GlobalSection(ExtensibilityGlobals) = postSolution
		SolutionGuid = {15ED643B-02CF-4CCD-83D4-3E62E414E047}
	EndGlobalSection
EndGlobal
